
Microsoft Visual Studio Solution File, Format Version 12.00
# Visual Studio 15
Project("{FAE04EC0-301F-11D3-BF4B-00C04F79EFBC}") = "Assembly-CSharp", "Assembly-CSharp.csproj", "{386EDB10-D047-8C28-DE86-83264E0158E6}"
EndProject
Project("{FAE04EC0-301F-11D3-BF4B-00C04F79EFBC}") = "IngameDebugConsole.Runtime", "IngameDebugConsole.Runtime.csproj", "{8EECF0A3-8260-63E2-8ADF-31C15402AE9C}"
EndProject
Project("{FAE04EC0-301F-11D3-BF4B-00C04F79EFBC}") = "IngameDebugConsole.Editor", "IngameDebugConsole.Editor.csproj", "{78DA5B04-02AD-ED63-4D7A-656738A533AA}"
EndProject
Global
	GlobalSection(SolutionConfigurationPlatforms) = preSolution
		Debug|Any CPU = Debug|Any CPU
		Release|Any CPU = Release|Any CPU
	EndGlobalSection
	GlobalSection(ProjectConfigurationPlatforms) = postSolution
		{386EDB10-D047-8C28-DE86-83264E0158E6}.Debug|Any CPU.ActiveCfg = Debug|Any CPU
		{386EDB10-D047-8C28-DE86-83264E0158E6}.Debug|Any CPU.Build.0 = Debug|Any CPU
		{386EDB10-D047-8C28-DE86-83264E0158E6}.Release|Any CPU.ActiveCfg = Release|Any CPU
		{386EDB10-D047-8C28-DE86-83264E0158E6}.Release|Any CPU.Build.0 = Release|Any CPU
		{8EECF0A3-8260-63E2-8ADF-31C15402AE9C}.Debug|Any CPU.ActiveCfg = Debug|Any CPU
		{8EECF0A3-8260-63E2-8ADF-31C15402AE9C}.Debug|Any CPU.Build.0 = Debug|Any CPU
		{8EECF0A3-8260-63E2-8ADF-31C15402AE9C}.Release|Any CPU.ActiveCfg = Release|Any CPU
		{8EECF0A3-8260-63E2-8ADF-31C15402AE9C}.Release|Any CPU.Build.0 = Release|Any CPU
		{78DA5B04-02AD-ED63-4D7A-656738A533AA}.Debug|Any CPU.ActiveCfg = Debug|Any CPU
		{78DA5B04-02AD-ED63-4D7A-656738A533AA}.Debug|Any CPU.Build.0 = Debug|Any CPU
		{78DA5B04-02AD-ED63-4D7A-656738A533AA}.Release|Any CPU.ActiveCfg = Release|Any CPU
		{78DA5B04-02AD-ED63-4D7A-656738A533AA}.Release|Any CPU.Build.0 = Release|Any CPU
	EndGlobalSection
	GlobalSection(SolutionProperties) = preSolution
		HideSolutionNode = FALSE
	EndGlobalSection
EndGlobal
